{
  "name": "readme-doctor",
  "version": "0.1.1",
  "lockfileVersion": 3,
  "requires": true,
  "packages": {
    "": {
      "name": "readme-doctor",
      "version": "0.1.1",
      "license": "MIT",
      "bin": {
        "readme-doctor": "bin/readme-doctor.js"
      },
      "engines": {
        "node": ">=18"
      }
    }
  }
}
